
Microsoft Visual Studio Solution File, Format Version 12.00
# Visual Studio Version 17
VisualStudioVersion = 17.9.34622.214
MinimumVisualStudioVersion = 10.0.40219.1
Project("{FAE04EC0-301F-11D3-BF4B-00C04F79EFBC}") = "AVeryOddString", "AVeryOddString.csproj", "{F2E584E0-4643-4F23-8E8C-E232F6FB68EC}"
EndProject
Global
	GlobalSection(SolutionConfigurationPlatforms) = preSolution
		Debug|Any CPU = Debug|Any CPU
		Release|Any CPU = Release|Any CPU
	EndGlobalSection
	GlobalSection(ProjectConfigurationPlatforms) = postSolution
		{F2E584E0-4643-4F23-8E8C-E232F6FB68EC}.Debug|Any CPU.ActiveCfg = Debug|Any CPU
		{F2E584E0-4643-4F23-8E8C-E232F6FB68EC}.Debug|Any CPU.Build.0 = Debug|Any CPU
		{F2E584E0-4643-4F23-8E8C-E232F6FB68EC}.Release|Any CPU.ActiveCfg = Release|Any CPU
		{F2E584E0-4643-4F23-8E8C-E232F6FB68EC}.Release|Any CPU.Build.0 = Release|Any CPU
	EndGlobalSection
	GlobalSection(SolutionProperties) = preSolution
		HideSolutionNode = FALSE
	EndGlobalSection
	GlobalSection(ExtensibilityGlobals) = postSolution
		SolutionGuid = {993817F3-2317-4C93-AFD5-2B22A8821066}
	EndGlobalSection
EndGlobal
